
Microsoft Visual Studio Solution File, Format Version 12.00
# Visual Studio 2013
VisualStudioVersion = 12.0.31101.0
MinimumVisualStudioVersion = 10.0.40219.1
Project("{FAE04EC0-301F-11D3-BF4B-00C04F79EFBC}") = "Adrezdi.Windows", "Adrezdi.Windows\Adrezdi.Windows.csproj", "{FE266617-3A74-4B12-B083-548AB806E1C7}"
EndProject
Project("{FAE04EC0-301F-11D3-BF4B-00C04F79EFBC}") = "Adrezdi.Windows.Tests", "Adrezdi.Windows.Tests\Adrezdi.Windows.Tests.csproj", "{A08DB6A7-66E0-4011-8282-06AF67047AE4}"
EndProject
Project("{FAE04EC0-301F-11D3-BF4B-00C04F79EFBC}") = "Adrezdi", "Adrezdi\Adrezdi.csproj", "{BE2F5F48-5E0C-44E3-BB61-697B59D24A43}"
EndProject
Project("{FAE04EC0-301F-11D3-BF4B-00C04F79EFBC}") = "Adrezdi.Silverlight", "Adrezdi.Silverlight\Adrezdi.Silverlight.csproj", "{8C662CF3-3083-4DFC-B86B-ED57885EC83F}"
EndProject
Project("{FAE04EC0-301F-11D3-BF4B-00C04F79EFBC}") = "Adrezdi.Silverlight.Controls", "Adrezdi.Silverlight.Controls\Adrezdi.Silverlight.Controls.csproj", "{2BDCAD8C-2903-4EE5-AD98-6077FB058535}"
EndProject
Global
	GlobalSection(SolutionConfigurationPlatforms) = preSolution
		Debug|Any CPU = Debug|Any CPU
		Release|Any CPU = Release|Any CPU
	EndGlobalSection
	GlobalSection(ProjectConfigurationPlatforms) = postSolution
		{FE266617-3A74-4B12-B083-548AB806E1C7}.Debug|Any CPU.ActiveCfg = Debug|Any CPU
		{FE266617-3A74-4B12-B083-548AB806E1C7}.Debug|Any CPU.Build.0 = Debug|Any CPU
		{FE266617-3A74-4B12-B083-548AB806E1C7}.Release|Any CPU.ActiveCfg = Release|Any CPU
		{FE266617-3A74-4B12-B083-548AB806E1C7}.Release|Any CPU.Build.0 = Release|Any CPU
		{A08DB6A7-66E0-4011-8282-06AF67047AE4}.Debug|Any CPU.ActiveCfg = Debug|Any CPU
		{A08DB6A7-66E0-4011-8282-06AF67047AE4}.Debug|Any CPU.Build.0 = Debug|Any CPU
		{A08DB6A7-66E0-4011-8282-06AF67047AE4}.Release|Any CPU.ActiveCfg = Release|Any CPU
		{A08DB6A7-66E0-4011-8282-06AF67047AE4}.Release|Any CPU.Build.0 = Release|Any CPU
		{BE2F5F48-5E0C-44E3-BB61-697B59D24A43}.Debug|Any CPU.ActiveCfg = Debug|Any CPU
		{BE2F5F48-5E0C-44E3-BB61-697B59D24A43}.Debug|Any CPU.Build.0 = Debug|Any CPU
		{BE2F5F48-5E0C-44E3-BB61-697B59D24A43}.Release|Any CPU.ActiveCfg = Release|Any CPU
		{BE2F5F48-5E0C-44E3-BB61-697B59D24A43}.Release|Any CPU.Build.0 = Release|Any CPU
		{8C662CF3-3083-4DFC-B86B-ED57885EC83F}.Debug|Any CPU.ActiveCfg = Debug|Any CPU
		{8C662CF3-3083-4DFC-B86B-ED57885EC83F}.Debug|Any CPU.Build.0 = Debug|Any CPU
		{8C662CF3-3083-4DFC-B86B-ED57885EC83F}.Release|Any CPU.ActiveCfg = Release|Any CPU
		{8C662CF3-3083-4DFC-B86B-ED57885EC83F}.Release|Any CPU.Build.0 = Release|Any CPU
		{2BDCAD8C-2903-4EE5-AD98-6077FB058535}.Debug|Any CPU.ActiveCfg = Debug|Any CPU
		{2BDCAD8C-2903-4EE5-AD98-6077FB058535}.Debug|Any CPU.Build.0 = Debug|Any CPU
		{2BDCAD8C-2903-4EE5-AD98-6077FB058535}.Release|Any CPU.ActiveCfg = Release|Any CPU
		{2BDCAD8C-2903-4EE5-AD98-6077FB058535}.Release|Any CPU.Build.0 = Release|Any CPU
	EndGlobalSection
	GlobalSection(SolutionProperties) = preSolution
		HideSolutionNode = FALSE
	EndGlobalSection
EndGlobal
